
Microsoft Visual Studio Solution File, Format Version 12.00
# Visual Studio Version 16
VisualStudioVersion = 16.0.33027.164
MinimumVisualStudioVersion = 10.0.40219.1
Project("{FAE04EC0-301F-11D3-BF4B-00C04F79EFBC}") = "BaiTap3_62132542", "BaiTap3_62132542.csproj", "{A154C4C9-0FAA-4DCE-99E5-819E00204858}"
EndProject
Global
	GlobalSection(SolutionConfigurationPlatforms) = preSolution
		Debug|Any CPU = Debug|Any CPU
		Release|Any CPU = Release|Any CPU
	EndGlobalSection
	GlobalSection(ProjectConfigurationPlatforms) = postSolution
		{A154C4C9-0FAA-4DCE-99E5-819E00204858}.Debug|Any CPU.ActiveCfg = Debug|Any CPU
		{A154C4C9-0FAA-4DCE-99E5-819E00204858}.Debug|Any CPU.Build.0 = Debug|Any CPU
		{A154C4C9-0FAA-4DCE-99E5-819E00204858}.Release|Any CPU.ActiveCfg = Release|Any CPU
		{A154C4C9-0FAA-4DCE-99E5-819E00204858}.Release|Any CPU.Build.0 = Release|Any CPU
	EndGlobalSection
	GlobalSection(SolutionProperties) = preSolution
		HideSolutionNode = FALSE
	EndGlobalSection
	GlobalSection(ExtensibilityGlobals) = postSolution
		SolutionGuid = {706E6654-6D5E-4727-9EF5-5B1867BCD1FD}
	EndGlobalSection
EndGlobal
