
Microsoft Visual Studio Solution File, Format Version 12.00
# Visual Studio Version 16
VisualStudioVersion = 16.0.33027.164
MinimumVisualStudioVersion = 10.0.40219.1
Project("{FAE04EC0-301F-11D3-BF4B-00C04F79EFBC}") = "BaiTap2_62132542", "BaiTap2_62132542.csproj", "{2650AD09-23D1-4152-9146-21D64F73CAFA}"
EndProject
Global
	GlobalSection(SolutionConfigurationPlatforms) = preSolution
		Debug|Any CPU = Debug|Any CPU
		Release|Any CPU = Release|Any CPU
	EndGlobalSection
	GlobalSection(ProjectConfigurationPlatforms) = postSolution
		{2650AD09-23D1-4152-9146-21D64F73CAFA}.Debug|Any CPU.ActiveCfg = Debug|Any CPU
		{2650AD09-23D1-4152-9146-21D64F73CAFA}.Debug|Any CPU.Build.0 = Debug|Any CPU
		{2650AD09-23D1-4152-9146-21D64F73CAFA}.Release|Any CPU.ActiveCfg = Release|Any CPU
		{2650AD09-23D1-4152-9146-21D64F73CAFA}.Release|Any CPU.Build.0 = Release|Any CPU
	EndGlobalSection
	GlobalSection(SolutionProperties) = preSolution
		HideSolutionNode = FALSE
	EndGlobalSection
	GlobalSection(ExtensibilityGlobals) = postSolution
		SolutionGuid = {9F268224-70F3-42D2-8C2D-29EEFDFD860E}
	EndGlobalSection
EndGlobal
